
Microsoft Visual Studio Solution File, Format Version 12.00
# Visual Studio 15
VisualStudioVersion = 15.0.26430.14
MinimumVisualStudioVersion = 10.0.40219.1
Project("{FAE04EC0-301F-11D3-BF4B-00C04F79EFBC}") = "ChatBotHook", "ChatBotHook\ChatBotHook.csproj", "{FC3AF08D-E7B5-4BDE-BF88-F9456295E2A1}"
EndProject
Project("{FAE04EC0-301F-11D3-BF4B-00C04F79EFBC}") = "Intent", "Intent\Intent.csproj", "{19632C4D-E2DC-4872-932E-A65EB6D2E720}"
EndProject
Project("{FAE04EC0-301F-11D3-BF4B-00C04F79EFBC}") = "Intent.Welcome", "Intent.Welcome\Intent.Welcome.csproj", "{07161DA1-D85E-401B-8B4E-E355FF6EEEA2}"
EndProject
Project("{FAE04EC0-301F-11D3-BF4B-00C04F79EFBC}") = "Intent.Alter", "Intent.Alter\Intent.Alter.csproj", "{92D410C4-4E51-4BC5-96CF-C50EFE27A44A}"
EndProject
Project("{FAE04EC0-301F-11D3-BF4B-00C04F79EFBC}") = "Intent.Quiz", "Intent.Quiz\Intent.Quiz.csproj", "{05AEC014-5B5C-48A5-8489-99EDF987D8C7}"
EndProject
Project("{FAE04EC0-301F-11D3-BF4B-00C04F79EFBC}") = "Core", "Core\Core.csproj", "{24006E6D-D4AA-4881-93B2-65AB9F5296FA}"
EndProject
Global
	GlobalSection(SolutionConfigurationPlatforms) = preSolution
		Debug|Any CPU = Debug|Any CPU
		Release|Any CPU = Release|Any CPU
	EndGlobalSection
	GlobalSection(ProjectConfigurationPlatforms) = postSolution
		{FC3AF08D-E7B5-4BDE-BF88-F9456295E2A1}.Debug|Any CPU.ActiveCfg = Debug|Any CPU
		{FC3AF08D-E7B5-4BDE-BF88-F9456295E2A1}.Debug|Any CPU.Build.0 = Debug|Any CPU
		{FC3AF08D-E7B5-4BDE-BF88-F9456295E2A1}.Release|Any CPU.ActiveCfg = Release|Any CPU
		{FC3AF08D-E7B5-4BDE-BF88-F9456295E2A1}.Release|Any CPU.Build.0 = Release|Any CPU
		{19632C4D-E2DC-4872-932E-A65EB6D2E720}.Debug|Any CPU.ActiveCfg = Debug|Any CPU
		{19632C4D-E2DC-4872-932E-A65EB6D2E720}.Debug|Any CPU.Build.0 = Debug|Any CPU
		{19632C4D-E2DC-4872-932E-A65EB6D2E720}.Release|Any CPU.ActiveCfg = Release|Any CPU
		{19632C4D-E2DC-4872-932E-A65EB6D2E720}.Release|Any CPU.Build.0 = Release|Any CPU
		{07161DA1-D85E-401B-8B4E-E355FF6EEEA2}.Debug|Any CPU.ActiveCfg = Debug|Any CPU
		{07161DA1-D85E-401B-8B4E-E355FF6EEEA2}.Debug|Any CPU.Build.0 = Debug|Any CPU
		{07161DA1-D85E-401B-8B4E-E355FF6EEEA2}.Release|Any CPU.ActiveCfg = Release|Any CPU
		{07161DA1-D85E-401B-8B4E-E355FF6EEEA2}.Release|Any CPU.Build.0 = Release|Any CPU
		{92D410C4-4E51-4BC5-96CF-C50EFE27A44A}.Debug|Any CPU.ActiveCfg = Debug|Any CPU
		{92D410C4-4E51-4BC5-96CF-C50EFE27A44A}.Debug|Any CPU.Build.0 = Debug|Any CPU
		{92D410C4-4E51-4BC5-96CF-C50EFE27A44A}.Release|Any CPU.ActiveCfg = Release|Any CPU
		{92D410C4-4E51-4BC5-96CF-C50EFE27A44A}.Release|Any CPU.Build.0 = Release|Any CPU
		{05AEC014-5B5C-48A5-8489-99EDF987D8C7}.Debug|Any CPU.ActiveCfg = Debug|Any CPU
		{05AEC014-5B5C-48A5-8489-99EDF987D8C7}.Debug|Any CPU.Build.0 = Debug|Any CPU
		{05AEC014-5B5C-48A5-8489-99EDF987D8C7}.Release|Any CPU.ActiveCfg = Release|Any CPU
		{05AEC014-5B5C-48A5-8489-99EDF987D8C7}.Release|Any CPU.Build.0 = Release|Any CPU
		{24006E6D-D4AA-4881-93B2-65AB9F5296FA}.Debug|Any CPU.ActiveCfg = Debug|Any CPU
		{24006E6D-D4AA-4881-93B2-65AB9F5296FA}.Debug|Any CPU.Build.0 = Debug|Any CPU
		{24006E6D-D4AA-4881-93B2-65AB9F5296FA}.Release|Any CPU.ActiveCfg = Release|Any CPU
		{24006E6D-D4AA-4881-93B2-65AB9F5296FA}.Release|Any CPU.Build.0 = Release|Any CPU
	EndGlobalSection
	GlobalSection(SolutionProperties) = preSolution
		HideSolutionNode = FALSE
	EndGlobalSection
EndGlobal
